
Microsoft Visual Studio Solution File, Format Version 12.00
# Visual Studio Version 17
VisualStudioVersion = 17.6.33801.468
MinimumVisualStudioVersion = 10.0.40219.1
Project("{FAE04EC0-301F-11D3-BF4B-00C04F79EFBC}") = "BankOperation", "BankOperation\BankOperation.csproj", "{7804396C-4F39-4A83-840D-F0CED2641ACC}"
EndProject
Project("{FAE04EC0-301F-11D3-BF4B-00C04F79EFBC}") = "BankOperation.Service", "BankOperation.Service\BankOperation.Service.csproj", "{F3D32D66-218E-4C7D-8800-553885F14544}"
EndProject
Project("{FAE04EC0-301F-11D3-BF4B-00C04F79EFBC}") = "BankOperation.Data", "BankOperation.Data\BankOperation.Data.csproj", "{8CCD8BC5-C232-4F6C-BFB7-AAA85ED80D3C}"
EndProject
Project("{FAE04EC0-301F-11D3-BF4B-00C04F79EFBC}") = "BankOperation.Entity", "BankOperation.Entity\BankOperation.Entity.csproj", "{09D86597-88FC-4FEE-898D-C967341EA6AD}"
EndProject
Project("{FAE04EC0-301F-11D3-BF4B-00C04F79EFBC}") = "BankOperation.Shared", "BankOperation.Shared\BankOperation.Shared.csproj", "{6F0BCBDF-ABA8-4BA4-AC5C-441A3AA98800}"
EndProject
Global
	GlobalSection(SolutionConfigurationPlatforms) = preSolution
		Debug|Any CPU = Debug|Any CPU
		Release|Any CPU = Release|Any CPU
	EndGlobalSection
	GlobalSection(ProjectConfigurationPlatforms) = postSolution
		{7804396C-4F39-4A83-840D-F0CED2641ACC}.Debug|Any CPU.ActiveCfg = Debug|Any CPU
		{7804396C-4F39-4A83-840D-F0CED2641ACC}.Debug|Any CPU.Build.0 = Debug|Any CPU
		{7804396C-4F39-4A83-840D-F0CED2641ACC}.Release|Any CPU.ActiveCfg = Release|Any CPU
		{7804396C-4F39-4A83-840D-F0CED2641ACC}.Release|Any CPU.Build.0 = Release|Any CPU
		{F3D32D66-218E-4C7D-8800-553885F14544}.Debug|Any CPU.ActiveCfg = Debug|Any CPU
		{F3D32D66-218E-4C7D-8800-553885F14544}.Debug|Any CPU.Build.0 = Debug|Any CPU
		{F3D32D66-218E-4C7D-8800-553885F14544}.Release|Any CPU.ActiveCfg = Release|Any CPU
		{F3D32D66-218E-4C7D-8800-553885F14544}.Release|Any CPU.Build.0 = Release|Any CPU
		{8CCD8BC5-C232-4F6C-BFB7-AAA85ED80D3C}.Debug|Any CPU.ActiveCfg = Debug|Any CPU
		{8CCD8BC5-C232-4F6C-BFB7-AAA85ED80D3C}.Debug|Any CPU.Build.0 = Debug|Any CPU
		{8CCD8BC5-C232-4F6C-BFB7-AAA85ED80D3C}.Release|Any CPU.ActiveCfg = Release|Any CPU
		{8CCD8BC5-C232-4F6C-BFB7-AAA85ED80D3C}.Release|Any CPU.Build.0 = Release|Any CPU
		{09D86597-88FC-4FEE-898D-C967341EA6AD}.Debug|Any CPU.ActiveCfg = Debug|Any CPU
		{09D86597-88FC-4FEE-898D-C967341EA6AD}.Debug|Any CPU.Build.0 = Debug|Any CPU
		{09D86597-88FC-4FEE-898D-C967341EA6AD}.Release|Any CPU.ActiveCfg = Release|Any CPU
		{09D86597-88FC-4FEE-898D-C967341EA6AD}.Release|Any CPU.Build.0 = Release|Any CPU
		{6F0BCBDF-ABA8-4BA4-AC5C-441A3AA98800}.Debug|Any CPU.ActiveCfg = Debug|Any CPU
		{6F0BCBDF-ABA8-4BA4-AC5C-441A3AA98800}.Debug|Any CPU.Build.0 = Debug|Any CPU
		{6F0BCBDF-ABA8-4BA4-AC5C-441A3AA98800}.Release|Any CPU.ActiveCfg = Release|Any CPU
		{6F0BCBDF-ABA8-4BA4-AC5C-441A3AA98800}.Release|Any CPU.Build.0 = Release|Any CPU
	EndGlobalSection
	GlobalSection(SolutionProperties) = preSolution
		HideSolutionNode = FALSE
	EndGlobalSection
	GlobalSection(ExtensibilityGlobals) = postSolution
		SolutionGuid = {7636AB7C-9660-4A7F-977D-8FC4F5A2939B}
	EndGlobalSection
EndGlobal
